
Microsoft Visual Studio Solution File, Format Version 12.00
# Visual Studio Version 17
VisualStudioVersion = 17.2.32526.322
MinimumVisualStudioVersion = 10.0.40219.1
Project("{FAE04EC0-301F-11D3-BF4B-00C04F79EFBC}") = "HotelListing.API", "HotelListing.API\HotelListing.API.csproj", "{0672F808-6385-4EA6-9AD3-6FBAE249E14E}"
EndProject
Global
	GlobalSection(SolutionConfigurationPlatforms) = preSolution
		Debug|Any CPU = Debug|Any CPU
		Release|Any CPU = Release|Any CPU
	EndGlobalSection
	GlobalSection(ProjectConfigurationPlatforms) = postSolution
		{0672F808-6385-4EA6-9AD3-6FBAE249E14E}.Debug|Any CPU.ActiveCfg = Debug|Any CPU
		{0672F808-6385-4EA6-9AD3-6FBAE249E14E}.Debug|Any CPU.Build.0 = Debug|Any CPU
		{0672F808-6385-4EA6-9AD3-6FBAE249E14E}.Release|Any CPU.ActiveCfg = Release|Any CPU
		{0672F808-6385-4EA6-9AD3-6FBAE249E14E}.Release|Any CPU.Build.0 = Release|Any CPU
	EndGlobalSection
	GlobalSection(SolutionProperties) = preSolution
		HideSolutionNode = FALSE
	EndGlobalSection
	GlobalSection(ExtensibilityGlobals) = postSolution
		SolutionGuid = {16AAE857-0884-44F9-AB23-415FB1203663}
	EndGlobalSection
EndGlobal
